
Microsoft Visual Studio Solution File, Format Version 12.00
# Visual Studio Version 17
VisualStudioVersion = 17.14.36429.23
MinimumVisualStudioVersion = 10.0.40219.1
Project("{FAE04EC0-301F-11D3-BF4B-00C04F79EFBC}") = "Tyuiu.RochevYA.Sprint6.Task0.V25.Lib", "Tyuiu.RochevYA.Sprint6.Task0.V25.Lib\Tyuiu.RochevYA.Sprint6.Task0.V25.Lib.csproj", "{FDA4A602-CE90-43CC-A2BA-679D8B70E3E8}"
EndProject
Project("{FAE04EC0-301F-11D3-BF4B-00C04F79EFBC}") = "Tyuiu.RochevYA.Sprint6.Task0.V25.Test", "Tyuiu.RochevYA.Sprint6.Task0.V25.Test\Tyuiu.RochevYA.Sprint6.Task0.V25.Test.csproj", "{939D60B3-8410-44AE-A84B-669D379B50B4}"
EndProject
Project("{FAE04EC0-301F-11D3-BF4B-00C04F79EFBC}") = "Tyuiu.RochevYA.Sprint6.Task0.V25", "Tyuiu.RochevYA.Sprint6.Task0.V25\Tyuiu.RochevYA.Sprint6.Task0.V25.csproj", "{9EB283E0-9A06-4E58-BC23-140198B08B8C}"
EndProject
Project("{FAE04EC0-301F-11D3-BF4B-00C04F79EFBC}") = "Tyuiu.RochevYA.Sprint6.Task1.V29.Test", "Tyuiu.RochevYA.Sprint6.Task1.V29.Test\Tyuiu.RochevYA.Sprint6.Task1.V29.Test.csproj", "{7146BF7F-F044-47E8-8CEB-8C1ECDA55F48}"
EndProject
Project("{FAE04EC0-301F-11D3-BF4B-00C04F79EFBC}") = "Tyuiu.RochevYA.Sprint6.Task1.V29.Lib", "Tyuiu.RochevYA.Sprint6.Task1.V29.Lib\Tyuiu.RochevYA.Sprint6.Task1.V29.Lib.csproj", "{80F872CB-A4E9-430D-87AE-C179B2C86CD3}"
EndProject
Project("{FAE04EC0-301F-11D3-BF4B-00C04F79EFBC}") = "Tyuiu.RochevYA.Sprint6.Task1.V29", "Tyuiu.RochevYA.Sprint6.Task1.V29\Tyuiu.RochevYA.Sprint6.Task1.V29.csproj", "{43AAC8C1-3E5E-4E86-A52B-521E3FA626E2}"
EndProject
Project("{FAE04EC0-301F-11D3-BF4B-00C04F79EFBC}") = "Tyuiu.RochevYA.Sprint6.Task2.V12", "Tyuiu.RochevYA.Sprint6.Task2.V12\Tyuiu.RochevYA.Sprint6.Task2.V12.csproj", "{0FB42E32-C38B-4B33-A2F1-EDE8C3E48C21}"
EndProject
Project("{FAE04EC0-301F-11D3-BF4B-00C04F79EFBC}") = "Tyuiu.RochevYA.Sprint6.Task2.V12.Lib", "Tyuiu.RochevYA.Sprint6.Task2.V12.Lib\Tyuiu.RochevYA.Sprint6.Task2.V12.Lib.csproj", "{1F50585D-8261-4BFF-BEE7-6931917B69AC}"
EndProject
Project("{FAE04EC0-301F-11D3-BF4B-00C04F79EFBC}") = "Tyuiu.RochevYA.Sprint6.Task2.V12.Test", "Tyuiu.RochevYA.Sprint6.Task2.V12.Test\Tyuiu.RochevYA.Sprint6.Task2.V12.Test.csproj", "{7BC26989-C0D6-469A-92C0-595DC773C0C9}"
EndProject
Project("{FAE04EC0-301F-11D3-BF4B-00C04F79EFBC}") = "Tyuiu.RochevYA.Sprint6.Task3.V18.Test", "Tyuiu.RochevYA.Sprint6.Task3.V18.Test\Tyuiu.RochevYA.Sprint6.Task3.V18.Test.csproj", "{8D009EFE-733E-46AC-B398-B8F0796B65B9}"
EndProject
Project("{FAE04EC0-301F-11D3-BF4B-00C04F79EFBC}") = "Tyuiu.RochevYA.Sprint6.Task3.V18.Lib", "Tyuiu.RochevYA.Sprint6.Task3.V18.Lib\Tyuiu.RochevYA.Sprint6.Task3.V18.Lib.csproj", "{A9FFBE45-DB12-4991-BEB4-CE26019FFCD7}"
EndProject
Project("{FAE04EC0-301F-11D3-BF4B-00C04F79EFBC}") = "Tyuiu.RochevYA.Sprint6.Task3.V18", "Tyuiu.RochevYA.Sprint6.Task3.V18\Tyuiu.RochevYA.Sprint6.Task3.V18.csproj", "{C7116C3D-1736-47AF-BA8E-288F508D1589}"
EndProject
Project("{FAE04EC0-301F-11D3-BF4B-00C04F79EFBC}") = "Tyuiu.RochevYA.Sprint6.Task4.V10", "Tyuiu.RochevYA.Sprint6.Task4.V10\Tyuiu.RochevYA.Sprint6.Task4.V10.csproj", "{148FCA58-7C88-4E10-BB13-747562E6F58A}"
EndProject
Project("{FAE04EC0-301F-11D3-BF4B-00C04F79EFBC}") = "Tyuiu.RochevYA.Sprint6.Task4.V10.Lib", "Tyuiu.RochevYA.Sprint6.Task4.V10.Lib\Tyuiu.RochevYA.Sprint6.Task4.V10.Lib.csproj", "{367677D7-F0E5-4F08-A858-906C3DC2CF2C}"
EndProject
Project("{FAE04EC0-301F-11D3-BF4B-00C04F79EFBC}") = "Tyuiu.RochevYA.Sprint6.Task4.V10.Test", "Tyuiu.RochevYA.Sprint6.Task4.V10.Test\Tyuiu.RochevYA.Sprint6.Task4.V10.Test.csproj", "{34F7123D-ED85-44AC-B20F-AFD36610EC0D}"
EndProject
Project("{FAE04EC0-301F-11D3-BF4B-00C04F79EFBC}") = "Tyuiu.RochevYA.Sprint6.Task5.V25", "Tyuiu.RochevYA.Sprint6.Task5.V25\Tyuiu.RochevYA.Sprint6.Task5.V25.csproj", "{EAEF4A74-D085-4381-BEAE-D1C685E3F27D}"
EndProject
Project("{FAE04EC0-301F-11D3-BF4B-00C04F79EFBC}") = "Tyuiu.RochevYA.Sprint6.Task5.V25.Test", "Tyuiu.RochevYA.Sprint6.Task5.V25.Test\Tyuiu.RochevYA.Sprint6.Task5.V25.Test.csproj", "{105F90F8-878C-486C-A4A5-8EAF3E8CEFB9}"
EndProject
Project("{FAE04EC0-301F-11D3-BF4B-00C04F79EFBC}") = "Tyuiu.RochevYA.Sprint6.Task5.V25.Lib", "Tyuiu.RochevYA.Sprint6.Task5.V25.Lib\Tyuiu.RochevYA.Sprint6.Task5.V25.Lib.csproj", "{173C53EA-4989-4DE6-9B66-5B1C2AC6E002}"
EndProject
Global
	GlobalSection(SolutionConfigurationPlatforms) = preSolution
		Debug|Any CPU = Debug|Any CPU
		Release|Any CPU = Release|Any CPU
	EndGlobalSection
	GlobalSection(ProjectConfigurationPlatforms) = postSolution
		{FDA4A602-CE90-43CC-A2BA-679D8B70E3E8}.Debug|Any CPU.ActiveCfg = Debug|Any CPU
		{FDA4A602-CE90-43CC-A2BA-679D8B70E3E8}.Debug|Any CPU.Build.0 = Debug|Any CPU
		{FDA4A602-CE90-43CC-A2BA-679D8B70E3E8}.Release|Any CPU.ActiveCfg = Release|Any CPU
		{FDA4A602-CE90-43CC-A2BA-679D8B70E3E8}.Release|Any CPU.Build.0 = Release|Any CPU
		{939D60B3-8410-44AE-A84B-669D379B50B4}.Debug|Any CPU.ActiveCfg = Debug|Any CPU
		{939D60B3-8410-44AE-A84B-669D379B50B4}.Debug|Any CPU.Build.0 = Debug|Any CPU
		{939D60B3-8410-44AE-A84B-669D379B50B4}.Release|Any CPU.ActiveCfg = Release|Any CPU
		{939D60B3-8410-44AE-A84B-669D379B50B4}.Release|Any CPU.Build.0 = Release|Any CPU
		{9EB283E0-9A06-4E58-BC23-140198B08B8C}.Debug|Any CPU.ActiveCfg = Debug|Any CPU
		{9EB283E0-9A06-4E58-BC23-140198B08B8C}.Debug|Any CPU.Build.0 = Debug|Any CPU
		{9EB283E0-9A06-4E58-BC23-140198B08B8C}.Release|Any CPU.ActiveCfg = Release|Any CPU
		{9EB283E0-9A06-4E58-BC23-140198B08B8C}.Release|Any CPU.Build.0 = Release|Any CPU
		{7146BF7F-F044-47E8-8CEB-8C1ECDA55F48}.Debug|Any CPU.ActiveCfg = Debug|Any CPU
		{7146BF7F-F044-47E8-8CEB-8C1ECDA55F48}.Debug|Any CPU.Build.0 = Debug|Any CPU
		{7146BF7F-F044-47E8-8CEB-8C1ECDA55F48}.Release|Any CPU.ActiveCfg = Release|Any CPU
		{7146BF7F-F044-47E8-8CEB-8C1ECDA55F48}.Release|Any CPU.Build.0 = Release|Any CPU
		{80F872CB-A4E9-430D-87AE-C179B2C86CD3}.Debug|Any CPU.ActiveCfg = Debug|Any CPU
		{80F872CB-A4E9-430D-87AE-C179B2C86CD3}.Debug|Any CPU.Build.0 = Debug|Any CPU
		{80F872CB-A4E9-430D-87AE-C179B2C86CD3}.Release|Any CPU.ActiveCfg = Release|Any CPU
		{80F872CB-A4E9-430D-87AE-C179B2C86CD3}.Release|Any CPU.Build.0 = Release|Any CPU
		{43AAC8C1-3E5E-4E86-A52B-521E3FA626E2}.Debug|Any CPU.ActiveCfg = Debug|Any CPU
		{43AAC8C1-3E5E-4E86-A52B-521E3FA626E2}.Debug|Any CPU.Build.0 = Debug|Any CPU
		{43AAC8C1-3E5E-4E86-A52B-521E3FA626E2}.Release|Any CPU.ActiveCfg = Release|Any CPU
		{43AAC8C1-3E5E-4E86-A52B-521E3FA626E2}.Release|Any CPU.Build.0 = Release|Any CPU
		{0FB42E32-C38B-4B33-A2F1-EDE8C3E48C21}.Debug|Any CPU.ActiveCfg = Debug|Any CPU
		{0FB42E32-C38B-4B33-A2F1-EDE8C3E48C21}.Debug|Any CPU.Build.0 = Debug|Any CPU
		{0FB42E32-C38B-4B33-A2F1-EDE8C3E48C21}.Release|Any CPU.ActiveCfg = Release|Any CPU
		{0FB42E32-C38B-4B33-A2F1-EDE8C3E48C21}.Release|Any CPU.Build.0 = Release|Any CPU
		{1F50585D-8261-4BFF-BEE7-6931917B69AC}.Debug|Any CPU.ActiveCfg = Debug|Any CPU
		{1F50585D-8261-4BFF-BEE7-6931917B69AC}.Debug|Any CPU.Build.0 = Debug|Any CPU
		{1F50585D-8261-4BFF-BEE7-6931917B69AC}.Release|Any CPU.ActiveCfg = Release|Any CPU
		{1F50585D-8261-4BFF-BEE7-6931917B69AC}.Release|Any CPU.Build.0 = Release|Any CPU
		{7BC26989-C0D6-469A-92C0-595DC773C0C9}.Debug|Any CPU.ActiveCfg = Debug|Any CPU
		{7BC26989-C0D6-469A-92C0-595DC773C0C9}.Debug|Any CPU.Build.0 = Debug|Any CPU
		{7BC26989-C0D6-469A-92C0-595DC773C0C9}.Release|Any CPU.ActiveCfg = Release|Any CPU
		{7BC26989-C0D6-469A-92C0-595DC773C0C9}.Release|Any CPU.Build.0 = Release|Any CPU
		{8D009EFE-733E-46AC-B398-B8F0796B65B9}.Debug|Any CPU.ActiveCfg = Debug|Any CPU
		{8D009EFE-733E-46AC-B398-B8F0796B65B9}.Debug|Any CPU.Build.0 = Debug|Any CPU
		{8D009EFE-733E-46AC-B398-B8F0796B65B9}.Release|Any CPU.ActiveCfg = Release|Any CPU
		{8D009EFE-733E-46AC-B398-B8F0796B65B9}.Release|Any CPU.Build.0 = Release|Any CPU
		{A9FFBE45-DB12-4991-BEB4-CE26019FFCD7}.Debug|Any CPU.ActiveCfg = Debug|Any CPU
		{A9FFBE45-DB12-4991-BEB4-CE26019FFCD7}.Debug|Any CPU.Build.0 = Debug|Any CPU
		{A9FFBE45-DB12-4991-BEB4-CE26019FFCD7}.Release|Any CPU.ActiveCfg = Release|Any CPU
		{A9FFBE45-DB12-4991-BEB4-CE26019FFCD7}.Release|Any CPU.Build.0 = Release|Any CPU
		{C7116C3D-1736-47AF-BA8E-288F508D1589}.Debug|Any CPU.ActiveCfg = Debug|Any CPU
		{C7116C3D-1736-47AF-BA8E-288F508D1589}.Debug|Any CPU.Build.0 = Debug|Any CPU
		{C7116C3D-1736-47AF-BA8E-288F508D1589}.Release|Any CPU.ActiveCfg = Release|Any CPU
		{C7116C3D-1736-47AF-BA8E-288F508D1589}.Release|Any CPU.Build.0 = Release|Any CPU
		{148FCA58-7C88-4E10-BB13-747562E6F58A}.Debug|Any CPU.ActiveCfg = Debug|Any CPU
		{148FCA58-7C88-4E10-BB13-747562E6F58A}.Debug|Any CPU.Build.0 = Debug|Any CPU
		{148FCA58-7C88-4E10-BB13-747562E6F58A}.Release|Any CPU.ActiveCfg = Release|Any CPU
		{148FCA58-7C88-4E10-BB13-747562E6F58A}.Release|Any CPU.Build.0 = Release|Any CPU
		{367677D7-F0E5-4F08-A858-906C3DC2CF2C}.Debug|Any CPU.ActiveCfg = Debug|Any CPU
		{367677D7-F0E5-4F08-A858-906C3DC2CF2C}.Debug|Any CPU.Build.0 = Debug|Any CPU
		{367677D7-F0E5-4F08-A858-906C3DC2CF2C}.Release|Any CPU.ActiveCfg = Release|Any CPU
		{367677D7-F0E5-4F08-A858-906C3DC2CF2C}.Release|Any CPU.Build.0 = Release|Any CPU
		{34F7123D-ED85-44AC-B20F-AFD36610EC0D}.Debug|Any CPU.ActiveCfg = Debug|Any CPU
		{34F7123D-ED85-44AC-B20F-AFD36610EC0D}.Debug|Any CPU.Build.0 = Debug|Any CPU
		{34F7123D-ED85-44AC-B20F-AFD36610EC0D}.Release|Any CPU.ActiveCfg = Release|Any CPU
		{34F7123D-ED85-44AC-B20F-AFD36610EC0D}.Release|Any CPU.Build.0 = Release|Any CPU
		{EAEF4A74-D085-4381-BEAE-D1C685E3F27D}.Debug|Any CPU.ActiveCfg = Debug|Any CPU
		{EAEF4A74-D085-4381-BEAE-D1C685E3F27D}.Debug|Any CPU.Build.0 = Debug|Any CPU
		{EAEF4A74-D085-4381-BEAE-D1C685E3F27D}.Release|Any CPU.ActiveCfg = Release|Any CPU
		{EAEF4A74-D085-4381-BEAE-D1C685E3F27D}.Release|Any CPU.Build.0 = Release|Any CPU
		{105F90F8-878C-486C-A4A5-8EAF3E8CEFB9}.Debug|Any CPU.ActiveCfg = Debug|Any CPU
		{105F90F8-878C-486C-A4A5-8EAF3E8CEFB9}.Debug|Any CPU.Build.0 = Debug|Any CPU
		{105F90F8-878C-486C-A4A5-8EAF3E8CEFB9}.Release|Any CPU.ActiveCfg = Release|Any CPU
		{105F90F8-878C-486C-A4A5-8EAF3E8CEFB9}.Release|Any CPU.Build.0 = Release|Any CPU
		{173C53EA-4989-4DE6-9B66-5B1C2AC6E002}.Debug|Any CPU.ActiveCfg = Debug|Any CPU
		{173C53EA-4989-4DE6-9B66-5B1C2AC6E002}.Debug|Any CPU.Build.0 = Debug|Any CPU
		{173C53EA-4989-4DE6-9B66-5B1C2AC6E002}.Release|Any CPU.ActiveCfg = Release|Any CPU
		{173C53EA-4989-4DE6-9B66-5B1C2AC6E002}.Release|Any CPU.Build.0 = Release|Any CPU
	EndGlobalSection
	GlobalSection(SolutionProperties) = preSolution
		HideSolutionNode = FALSE
	EndGlobalSection
	GlobalSection(ExtensibilityGlobals) = postSolution
		SolutionGuid = {EDF00AF7-B6ED-47E4-998A-4F78204A0322}
	EndGlobalSection
EndGlobal
